// !$*UTF8*$!
{
	archiveVersion = 1;
	classes = {
	};
	objectVersion = 55;
	objects = {

/* Begin PBXBuildFile section */
		A80F8D0327F9C0B000150806 /* WeatherImage.swift in Sources */ = {isa = PBXBuildFile; fileRef = A80F8D0227F9C0B000150806 /* WeatherImage.swift */; };
		A81603E127F71CEC00A6E361 /* Constatnts.swift in Sources */ = {isa = PBXBuildFile; fileRef = A81603E027F71CEC00A6E361 /* Constatnts.swift */; };
		A881A2C027F5D5C300693939 /* AppDelegate.swift in Sources */ = {isa = PBXBuildFile; fileRef = A881A2BF27F5D5C300693939 /* AppDelegate.swift */; };
		A881A2C227F5D5C300693939 /* SceneDelegate.swift in Sources */ = {isa = PBXBuildFile; fileRef = A881A2C127F5D5C300693939 /* SceneDelegate.swift */; };
		A881A2C427F5D5C300693939 /* EnterViewController.swift in Sources */ = {isa = PBXBuildFile; fileRef = A881A2C327F5D5C300693939 /* EnterViewController.swift */; };
		A881A2C927F5D5C400693939 /* Assets.xcassets in Resources */ = {isa = PBXBuildFile; fileRef = A881A2C827F5D5C400693939 /* Assets.xcassets */; };
		A881A2CC27F5D5C400693939 /* LaunchScreen.storyboard in Resources */ = {isa = PBXBuildFile; fileRef = A881A2CA27F5D5C400693939 /* LaunchScreen.storyboard */; };
		A881A2D627F5D86C00693939 /* EnterView.swift in Sources */ = {isa = PBXBuildFile; fileRef = A881A2D527F5D86C00693939 /* EnterView.swift */; };
		A881A2DA27F5DC1A00693939 /* WeatherView.swift in Sources */ = {isa = PBXBuildFile; fileRef = A881A2D927F5DC1A00693939 /* WeatherView.swift */; };
		A881A2DC27F5DC3A00693939 /* WeatherViewController.swift in Sources */ = {isa = PBXBuildFile; fileRef = A881A2DB27F5DC3A00693939 /* WeatherViewController.swift */; };
		A881A2E127F5E7B400693939 /* Weather.swift in Sources */ = {isa = PBXBuildFile; fileRef = A881A2E027F5E7B400693939 /* Weather.swift */; };
		A881A2E327F5E7C000693939 /* City.swift in Sources */ = {isa = PBXBuildFile; fileRef = A881A2E227F5E7C000693939 /* City.swift */; };
		A881A2E527F6075300693939 /* ApiClient.swift in Sources */ = {isa = PBXBuildFile; fileRef = A881A2E427F6075300693939 /* ApiClient.swift */; };
/* End PBXBuildFile section */

/* Begin PBXFileReference section */
		A80F8D0227F9C0B000150806 /* WeatherImage.swift */ = {isa = PBXFileReference; lastKnownFileType = sourcecode.swift; path = WeatherImage.swift; sourceTree = "<group>"; };
		A81603E027F71CEC00A6E361 /* Constatnts.swift */ = {isa = PBXFileReference; lastKnownFileType = sourcecode.swift; path = Constatnts.swift; sourceTree = "<group>"; };
		A881A2BC27F5D5C300693939 /* WeatherApp.app */ = {isa = PBXFileReference; explicitFileType = wrapper.application; includeInIndex = 0; path = WeatherApp.app; sourceTree = BUILT_PRODUCTS_DIR; };
		A881A2BF27F5D5C300693939 /* AppDelegate.swift */ = {isa = PBXFileReference; lastKnownFileType = sourcecode.swift; path = AppDelegate.swift; sourceTree = "<group>"; };
		A881A2C127F5D5C300693939 /* SceneDelegate.swift */ = {isa = PBXFileReference; lastKnownFileType = sourcecode.swift; path = SceneDelegate.swift; sourceTree = "<group>"; };
		A881A2C327F5D5C300693939 /* EnterViewController.swift */ = {isa = PBXFileReference; lastKnownFileType = sourcecode.swift; path = EnterViewController.swift; sourceTree = "<group>"; };
		A881A2C827F5D5C400693939 /* Assets.xcassets */ = {isa = PBXFileReference; lastKnownFileType = folder.assetcatalog; path = Assets.xcassets; sourceTree = "<group>"; };
		A881A2CB27F5D5C400693939 /* Base */ = {isa = PBXFileReference; lastKnownFileType = file.storyboard; name = Base; path = Base.lproj/LaunchScreen.storyboard; sourceTree = "<group>"; };
		A881A2CD27F5D5C400693939 /* Info.plist */ = {isa = PBXFileReference; lastKnownFileType = text.plist.xml; path = Info.plist; sourceTree = "<group>"; };
		A881A2D527F5D86C00693939 /* EnterView.swift */ = {isa = PBXFileReference; lastKnownFileType = sourcecode.swift; path = EnterView.swift; sourceTree = "<group>"; };
		A881A2D927F5DC1A00693939 /* WeatherView.swift */ = {isa = PBXFileReference; lastKnownFileType = sourcecode.swift; path = WeatherView.swift; sourceTree = "<group>"; };
		A881A2DB27F5DC3A00693939 /* WeatherViewController.swift */ = {isa = PBXFileReference; lastKnownFileType = sourcecode.swift; path = WeatherViewController.swift; sourceTree = "<group>"; };
		A881A2E027F5E7B400693939 /* Weather.swift */ = {isa = PBXFileReference; lastKnownFileType = sourcecode.swift; path = Weather.swift; sourceTree = "<group>"; };
		A881A2E227F5E7C000693939 /* City.swift */ = {isa = PBXFileReference; lastKnownFileType = sourcecode.swift; path = City.swift; sourceTree = "<group>"; };
		A881A2E427F6075300693939 /* ApiClient.swift */ = {isa = PBXFileReference; lastKnownFileType = sourcecode.swift; path = ApiClient.swift; sourceTree = "<group>"; };
/* End PBXFileReference section */

/* Begin PBXFrameworksBuildPhase section */
		A881A2B927F5D5C300693939 /* Frameworks */ = {
			isa = PBXFrameworksBuildPhase;
			buildActionMask = 2147483647;
			files = (
			);
			runOnlyForDeploymentPostprocessing = 0;
		};
/* End PBXFrameworksBuildPhase section */

/* Begin PBXGroup section */
		A881A2B327F5D5C300693939 = {
			isa = PBXGroup;
			children = (
				A881A2BE27F5D5C300693939 /* WeatherApp */,
				A881A2BD27F5D5C300693939 /* Products */,
			);
			sourceTree = "<group>";
		};
		A881A2BD27F5D5C300693939 /* Products */ = {
			isa = PBXGroup;
			children = (
				A881A2BC27F5D5C300693939 /* WeatherApp.app */,
			);
			name = Products;
			sourceTree = "<group>";
		};
		A881A2BE27F5D5C300693939 /* WeatherApp */ = {
			isa = PBXGroup;
			children = (
				A881A2C127F5D5C300693939 /* SceneDelegate.swift */,
				A881A2BF27F5D5C300693939 /* AppDelegate.swift */,
				A881A2DD27F5E78E00693939 /* Models */,
				A881A2D427F5D7E800693939 /* Views */,
				A881A2D327F5D7C500693939 /* Resources */,
			);
			path = WeatherApp;
			sourceTree = "<group>";
		};
		A881A2D327F5D7C500693939 /* Resources */ = {
			isa = PBXGroup;
			children = (
				A881A2CD27F5D5C400693939 /* Info.plist */,
				A881A2CA27F5D5C400693939 /* LaunchScreen.storyboard */,
				A881A2C827F5D5C400693939 /* Assets.xcassets */,
			);
			path = Resources;
			sourceTree = "<group>";
		};
		A881A2D427F5D7E800693939 /* Views */ = {
			isa = PBXGroup;
			children = (
				A881A2D827F5DBE100693939 /* Weather */,
				A881A2D727F5DBD100693939 /* Enter */,
			);
			path = Views;
			sourceTree = "<group>";
		};
		A881A2D727F5DBD100693939 /* Enter */ = {
			isa = PBXGroup;
			children = (
				A881A2C327F5D5C300693939 /* EnterViewController.swift */,
				A881A2D527F5D86C00693939 /* EnterView.swift */,
			);
			path = Enter;
			sourceTree = "<group>";
		};
		A881A2D827F5DBE100693939 /* Weather */ = {
			isa = PBXGroup;
			children = (
				A881A2DB27F5DC3A00693939 /* WeatherViewController.swift */,
				A881A2D927F5DC1A00693939 /* WeatherView.swift */,
			);
			path = Weather;
			sourceTree = "<group>";
		};
		A881A2DD27F5E78E00693939 /* Models */ = {
			isa = PBXGroup;
			children = (
				A881A2E027F5E7B400693939 /* Weather.swift */,
				A881A2E227F5E7C000693939 /* City.swift */,
				A881A2E427F6075300693939 /* ApiClient.swift */,
				A81603E027F71CEC00A6E361 /* Constatnts.swift */,
				A80F8D0227F9C0B000150806 /* WeatherImage.swift */,
			);
			path = Models;
			sourceTree = "<group>";
		};
/* End PBXGroup section */

/* Begin PBXNativeTarget section */
		A881A2BB27F5D5C300693939 /* WeatherApp */ = {
			isa = PBXNativeTarget;
			buildConfigurationList = A881A2D027F5D5C400693939 /* Build configuration list for PBXNativeTarget "WeatherApp" */;
			buildPhases = (
				A881A2B827F5D5C300693939 /* Sources */,
				A881A2B927F5D5C300693939 /* Frameworks */,
				A881A2BA27F5D5C300693939 /* Resources */,
			);
			buildRules = (
			);
			dependencies = (
			);
			name = WeatherApp;
			productName = WeatherApp;
			productReference = A881A2BC27F5D5C300693939 /* WeatherApp.app */;
			productType = "com.apple.product-type.application";
		};
/* End PBXNativeTarget section */

/* Begin PBXProject section */
		A881A2B427F5D5C300693939 /* Project object */ = {
			isa = PBXProject;
			attributes = {
				BuildIndependentTargetsInParallel = 1;
				LastSwiftUpdateCheck = 1330;
				LastUpgradeCheck = 1330;
				TargetAttributes = {
					A881A2BB27F5D5C300693939 = {
						CreatedOnToolsVersion = 13.3;
					};
				};
			};
			buildConfigurationList = A881A2B727F5D5C300693939 /* Build configuration list for PBXProject "WeatherApp" */;
			compatibilityVersion = "Xcode 13.0";
			developmentRegion = en;
			hasScannedForEncodings = 0;
			knownRegions = (
				en,
				Base,
			);
			mainGroup = A881A2B327F5D5C300693939;
			productRefGroup = A881A2BD27F5D5C300693939 /* Products */;
			projectDirPath = "";
			projectRoot = "";
			targets = (
				A881A2BB27F5D5C300693939 /* WeatherApp */,
			);
		};
/* End PBXProject section */

/* Begin PBXResourcesBuildPhase section */
		A881A2BA27F5D5C300693939 /* Resources */ = {
			isa = PBXResourcesBuildPhase;
			buildActionMask = 2147483647;
			files = (
				A881A2CC27F5D5C400693939 /* LaunchScreen.storyboard in Resources */,
				A881A2C927F5D5C400693939 /* Assets.xcassets in Resources */,
			);
			runOnlyForDeploymentPostprocessing = 0;
		};
/* End PBXResourcesBuildPhase section */

/* Begin PBXSourcesBuildPhase section */
		A881A2B827F5D5C300693939 /* Sources */ = {
			isa = PBXSourcesBuildPhase;
			buildActionMask = 2147483647;
			files = (
				A881A2DA27F5DC1A00693939 /* WeatherView.swift in Sources */,
				A881A2DC27F5DC3A00693939 /* WeatherViewController.swift in Sources */,
				A81603E127F71CEC00A6E361 /* Constatnts.swift in Sources */,
				A881A2E527F6075300693939 /* ApiClient.swift in Sources */,
				A80F8D0327F9C0B000150806 /* WeatherImage.swift in Sources */,
				A881A2C427F5D5C300693939 /* EnterViewController.swift in Sources */,
				A881A2C027F5D5C300693939 /* AppDelegate.swift in Sources */,
				A881A2C227F5D5C300693939 /* SceneDelegate.swift in Sources */,
				A881A2D627F5D86C00693939 /* EnterView.swift in Sources */,
				A881A2E327F5E7C000693939 /* City.swift in Sources */,
				A881A2E127F5E7B400693939 /* Weather.swift in Sources */,
			);
			runOnlyForDeploymentPostprocessing = 0;
		};
/* End PBXSourcesBuildPhase section */

/* Begin PBXVariantGroup section */
		A881A2CA27F5D5C400693939 /* LaunchScreen.storyboard */ = {
			isa = PBXVariantGroup;
			children = (
				A881A2CB27F5D5C400693939 /* Base */,
			);
			name = LaunchScreen.storyboard;
			sourceTree = "<group>";
		};
/* End PBXVariantGroup section */

/* Begin XCBuildConfiguration section */
		A881A2CE27F5D5C400693939 /* Debug */ = {
			isa = XCBuildConfiguration;
			buildSettings = {
				ALWAYS_SEARCH_USER_PATHS = NO;
				CLANG_ANALYZER_NONNULL = YES;
				CLANG_ANALYZER_NUMBER_OBJECT_CONVERSION = YES_AGGRESSIVE;
				CLANG_CXX_LANGUAGE_STANDARD = "gnu++17";
				CLANG_ENABLE_MODULES = YES;
				CLANG_ENABLE_OBJC_ARC = YES;
				CLANG_ENABLE_OBJC_WEAK = YES;
				CLANG_WARN_BLOCK_CAPTURE_AUTORELEASING = YES;
				CLANG_WARN_BOOL_CONVERSION = YES;
				CLANG_WARN_COMMA = YES;
				CLANG_WARN_CONSTANT_CONVERSION = YES;
				CLANG_WARN_DEPRECATED_OBJC_IMPLEMENTATIONS = YES;
				CLANG_WARN_DIRECT_OBJC_ISA_USAGE = YES_ERROR;
				CLANG_WARN_DOCUMENTATION_COMMENTS = YES;
				CLANG_WARN_EMPTY_BODY = YES;
				CLANG_WARN_ENUM_CONVERSION = YES;
				CLANG_WARN_INFINITE_RECURSION = YES;
				CLANG_WARN_INT_CONVERSION = YES;
				CLANG_WARN_NON_LITERAL_NULL_CONVERSION = YES;
				CLANG_WARN_OBJC_IMPLICIT_RETAIN_SELF = YES;
				CLANG_WARN_OBJC_LITERAL_CONVERSION = YES;
				CLANG_WARN_OBJC_ROOT_CLASS = YES_ERROR;
				CLANG_WARN_QUOTED_INCLUDE_IN_FRAMEWORK_HEADER = YES;
				CLANG_WARN_RANGE_LOOP_ANALYSIS = YES;
				CLANG_WARN_STRICT_PROTOTYPES = YES;
				CLANG_WARN_SUSPICIOUS_MOVE = YES;
				CLANG_WARN_UNGUARDED_AVAILABILITY = YES_AGGRESSIVE;
				CLANG_WARN_UNREACHABLE_CODE = YES;
				CLANG_WARN__DUPLICATE_METHOD_MATCH = YES;
				COPY_PHASE_STRIP = NO;
				DEBUG_INFORMATION_FORMAT = dwarf;
				ENABLE_STRICT_OBJC_MSGSEND = YES;
				ENABLE_TESTABILITY = YES;
				GCC_C_LANGUAGE_STANDARD = gnu11;
				GCC_DYNAMIC_NO_PIC = NO;
				GCC_NO_COMMON_BLOCKS = YES;
				GCC_OPTIMIZATION_LEVEL = 0;
				GCC_PREPROCESSOR_DEFINITIONS = (
					"DEBUG=1",
					"$(inherited)",
				);
				GCC_WARN_64_TO_32_BIT_CONVERSION = YES;
				GCC_WARN_ABOUT_RETURN_TYPE = YES_ERROR;
				GCC_WARN_UNDECLARED_SELECTOR = YES;
				GCC_WARN_UNINITIALIZED_AUTOS = YES_AGGRESSIVE;
				GCC_WARN_UNUSED_FUNCTION = YES;
				GCC_WARN_UNUSED_VARIABLE = YES;
				IPHONEOS_DEPLOYMENT_TARGET = 15.4;
				MTL_ENABLE_DEBUG_INFO = INCLUDE_SOURCE;
				MTL_FAST_MATH = YES;
				ONLY_ACTIVE_ARCH = YES;
				SDKROOT = iphoneos;
				SWIFT_ACTIVE_COMPILATION_CONDITIONS = DEBUG;
				SWIFT_OPTIMIZATION_LEVEL = "-Onone";
			};
			name = Debug;
		};
		A881A2CF27F5D5C400693939 /* Release */ = {
			isa = XCBuildConfiguration;
			buildSettings = {
				ALWAYS_SEARCH_USER_PATHS = NO;
				CLANG_ANALYZER_NONNULL = YES;
				CLANG_ANALYZER_NUMBER_OBJECT_CONVERSION = YES_AGGRESSIVE;
				CLANG_CXX_LANGUAGE_STANDARD = "gnu++17";
				CLANG_ENABLE_MODULES = YES;
				CLANG_ENABLE_OBJC_ARC = YES;
				CLANG_ENABLE_OBJC_WEAK = YES;
				CLANG_WARN_BLOCK_CAPTURE_AUTORELEASING = YES;
				CLANG_WARN_BOOL_CONVERSION = YES;
				CLANG_WARN_COMMA = YES;
				CLANG_WARN_CONSTANT_CONVERSION = YES;
				CLANG_WARN_DEPRECATED_OBJC_IMPLEMENTATIONS = YES;
				CLANG_WARN_DIRECT_OBJC_ISA_USAGE = YES_ERROR;
				CLANG_WARN_DOCUMENTATION_COMMENTS = YES;
				CLANG_WARN_EMPTY_BODY = YES;
				CLANG_WARN_ENUM_CONVERSION = YES;
				CLANG_WARN_INFINITE_RECURSION = YES;
				CLANG_WARN_INT_CONVERSION = YES;
				CLANG_WARN_NON_LITERAL_NULL_CONVERSION = YES;
				CLANG_WARN_OBJC_IMPLICIT_RETAIN_SELF = YES;
				CLANG_WARN_OBJC_LITERAL_CONVERSION = YES;
				CLANG_WARN_OBJC_ROOT_CLASS = YES_ERROR;
				CLANG_WARN_QUOTED_INCLUDE_IN_FRAMEWORK_HEADER = YES;
				CLANG_WARN_RANGE_LOOP_ANALYSIS = YES;
				CLANG_WARN_STRICT_PROTOTYPES = YES;
				CLANG_WARN_SUSPICIOUS_MOVE = YES;
				CLANG_WARN_UNGUARDED_AVAILABILITY = YES_AGGRESSIVE;
				CLANG_WARN_UNREACHABLE_CODE = YES;
				CLANG_WARN__DUPLICATE_METHOD_MATCH = YES;
				COPY_PHASE_STRIP = NO;
				DEBUG_INFORMATION_FORMAT = "dwarf-with-dsym";
				ENABLE_NS_ASSERTIONS = NO;
				ENABLE_STRICT_OBJC_MSGSEND = YES;
				GCC_C_LANGUAGE_STANDARD = gnu11;
				GCC_NO_COMMON_BLOCKS = YES;
				GCC_WARN_64_TO_32_BIT_CONVERSION = YES;
				GCC_WARN_ABOUT_RETURN_TYPE = YES_ERROR;
				GCC_WARN_UNDECLARED_SELECTOR = YES;
				GCC_WARN_UNINITIALIZED_AUTOS = YES_AGGRESSIVE;
				GCC_WARN_UNUSED_FUNCTION = YES;
				GCC_WARN_UNUSED_VARIABLE = YES;
				IPHONEOS_DEPLOYMENT_TARGET = 15.4;
				MTL_ENABLE_DEBUG_INFO = NO;
				MTL_FAST_MATH = YES;
				SDKROOT = iphoneos;
				SWIFT_COMPILATION_MODE = wholemodule;
				SWIFT_OPTIMIZATION_LEVEL = "-O";
				VALIDATE_PRODUCT = YES;
			};
			name = Release;
		};
		A881A2D127F5D5C400693939 /* Debug */ = {
			isa = XCBuildConfiguration;
			buildSettings = {
				ASSETCATALOG_COMPILER_APPICON_NAME = AppIcon;
				ASSETCATALOG_COMPILER_GLOBAL_ACCENT_COLOR_NAME = AccentColor;
				CODE_SIGN_STYLE = Automatic;
				CURRENT_PROJECT_VERSION = 1;
				GENERATE_INFOPLIST_FILE = YES;
				INFOPLIST_FILE = WeatherApp/Resources/Info.plist;
				INFOPLIST_KEY_UILaunchStoryboardName = LaunchScreen;
				INFOPLIST_KEY_UISupportedInterfaceOrientations_iPad = "UIInterfaceOrientationPortrait UIInterfaceOrientationPortraitUpsideDown UIInterfaceOrientationLandscapeLeft UIInterfaceOrientationLandscapeRight";
				INFOPLIST_KEY_UISupportedInterfaceOrientations_iPhone = "UIInterfaceOrientationPortrait UIInterfaceOrientationLandscapeLeft UIInterfaceOrientationLandscapeRight";
				LD_RUNPATH_SEARCH_PATHS = (
					"$(inherited)",
					"@executable_path/Frameworks",
				);
				MARKETING_VERSION = 1.0;
				PRODUCT_BUNDLE_IDENTIFIER = kraszewski.pawel.WeatherApp;
				PRODUCT_NAME = "$(TARGET_NAME)";
				SWIFT_EMIT_LOC_STRINGS = YES;
				SWIFT_VERSION = 5.0;
				TARGETED_DEVICE_FAMILY = "1,2";
			};
			name = Debug;
		};
		A881A2D227F5D5C400693939 /* Release */ = {
			isa = XCBuildConfiguration;
			buildSettings = {
				ASSETCATALOG_COMPILER_APPICON_NAME = AppIcon;
				ASSETCATALOG_COMPILER_GLOBAL_ACCENT_COLOR_NAME = AccentColor;
				CODE_SIGN_STYLE = Automatic;
				CURRENT_PROJECT_VERSION = 1;
				GENERATE_INFOPLIST_FILE = YES;
				INFOPLIST_FILE = WeatherApp/Resources/Info.plist;
				INFOPLIST_KEY_UILaunchStoryboardName = LaunchScreen;
				INFOPLIST_KEY_UISupportedInterfaceOrientations_iPad = "UIInterfaceOrientationPortrait UIInterfaceOrientationPortraitUpsideDown UIInterfaceOrientationLandscapeLeft UIInterfaceOrientationLandscapeRight";
				INFOPLIST_KEY_UISupportedInterfaceOrientations_iPhone = "UIInterfaceOrientationPortrait UIInterfaceOrientationLandscapeLeft UIInterfaceOrientationLandscapeRight";
				LD_RUNPATH_SEARCH_PATHS = (
					"$(inherited)",
					"@executable_path/Frameworks",
				);
				MARKETING_VERSION = 1.0;
				PRODUCT_BUNDLE_IDENTIFIER = kraszewski.pawel.WeatherApp;
				PRODUCT_NAME = "$(TARGET_NAME)";
				SWIFT_EMIT_LOC_STRINGS = YES;
				SWIFT_VERSION = 5.0;
				TARGETED_DEVICE_FAMILY = "1,2";
			};
			name = Release;
		};
/* End XCBuildConfiguration section */

/* Begin XCConfigurationList section */
		A881A2B727F5D5C300693939 /* Build configuration list for PBXProject "WeatherApp" */ = {
			isa = XCConfigurationList;
			buildConfigurations = (
				A881A2CE27F5D5C400693939 /* Debug */,
				A881A2CF27F5D5C400693939 /* Release */,
			);
			defaultConfigurationIsVisible = 0;
			defaultConfigurationName = Release;
		};
		A881A2D027F5D5C400693939 /* Build configuration list for PBXNativeTarget "WeatherApp" */ = {
			isa = XCConfigurationList;
			buildConfigurations = (
				A881A2D127F5D5C400693939 /* Debug */,
				A881A2D227F5D5C400693939 /* Release */,
			);
			defaultConfigurationIsVisible = 0;
			defaultConfigurationName = Release;
		};
/* End XCConfigurationList section */
	};
	rootObject = A881A2B427F5D5C300693939 /* Project object */;
}
